
Microsoft Visual Studio Solution File, Format Version 12.00
# Visual Studio Version 17
VisualStudioVersion = 17.5.002.0
MinimumVisualStudioVersion = 10.0.40219.1
Project("{9A19103F-16F7-4668-BE54-9A1E7A4F7556}") = "TeraboxDownloader", "TeraboxDownloader.csproj", "{AC1696F3-FDC3-4626-97D7-8B94874DC911}"
EndProject
Global
	GlobalSection(SolutionConfigurationPlatforms) = preSolution
		Debug|Any CPU = Debug|Any CPU
		Release|Any CPU = Release|Any CPU
	EndGlobalSection
	GlobalSection(ProjectConfigurationPlatforms) = postSolution
		{AC1696F3-FDC3-4626-97D7-8B94874DC911}.Debug|Any CPU.ActiveCfg = Debug|Any CPU
		{AC1696F3-FDC3-4626-97D7-8B94874DC911}.Debug|Any CPU.Build.0 = Debug|Any CPU
		{AC1696F3-FDC3-4626-97D7-8B94874DC911}.Release|Any CPU.ActiveCfg = Release|Any CPU
		{AC1696F3-FDC3-4626-97D7-8B94874DC911}.Release|Any CPU.Build.0 = Release|Any CPU
	EndGlobalSection
	GlobalSection(SolutionProperties) = preSolution
		HideSolutionNode = FALSE
	EndGlobalSection
	GlobalSection(ExtensibilityGlobals) = postSolution
		SolutionGuid = {050E8F53-960D-4159-94A7-D9CD61A2BE89}
	EndGlobalSection
EndGlobal
